{
    "name": "prisma-backend",
    "version": "1.0.0",
    "lockfileVersion": 1,
    "requires": true,
    "dependencies": {
        "@prisma/cli": {
            "version": "2.0.0-preview025",
            "resolved": "https://registry.npmjs.org/@prisma/cli/-/cli-2.0.0-preview025.tgz",
            "integrity": "sha512-KZIHsrYUUfBu8QwCdhgUbEeaors4Kw1s8LTPOWSWsn8ErT7H2Z3MWKv/8vN25l6RfoU53U5SEYn9+GwiPx1Fqw==",
            "dev": true
        }
    }
}
